
Microsoft Visual Studio Solution File, Format Version 12.00
# Visual Studio Version 17
VisualStudioVersion = 17.0.32112.339
MinimumVisualStudioVersion = 10.0.40219.1
Project("{FAE04EC0-301F-11D3-BF4B-00C04F79EFBC}") = "SuggestionAppUI", "SuggestionAppUI\SuggestionAppUI.csproj", "{B21045BC-9173-4E45-93D1-21C2D97AAEEC}"
EndProject
Project("{FAE04EC0-301F-11D3-BF4B-00C04F79EFBC}") = "SuggestionAppLibrary", "SuggestionAppLibrary\SuggestionAppLibrary.csproj", "{6EE18AB1-B84B-4B7D-8D5F-38CBC01275A3}"
EndProject
Project("{2150E333-8FDC-42A3-9474-1A3956D46DE8}") = "Solution Items", "Solution Items", "{FCEA2BFB-7B17-465D-8C70-03E346F40993}"
	ProjectSection(SolutionItems) = preProject
		.editorconfig = .editorconfig
	EndProjectSection
EndProject
Global
	GlobalSection(SolutionConfigurationPlatforms) = preSolution
		Debug|Any CPU = Debug|Any CPU
		Release|Any CPU = Release|Any CPU
	EndGlobalSection
	GlobalSection(ProjectConfigurationPlatforms) = postSolution
		{B21045BC-9173-4E45-93D1-21C2D97AAEEC}.Debug|Any CPU.ActiveCfg = Debug|Any CPU
		{B21045BC-9173-4E45-93D1-21C2D97AAEEC}.Debug|Any CPU.Build.0 = Debug|Any CPU
		{B21045BC-9173-4E45-93D1-21C2D97AAEEC}.Release|Any CPU.ActiveCfg = Release|Any CPU
		{B21045BC-9173-4E45-93D1-21C2D97AAEEC}.Release|Any CPU.Build.0 = Release|Any CPU
		{6EE18AB1-B84B-4B7D-8D5F-38CBC01275A3}.Debug|Any CPU.ActiveCfg = Debug|Any CPU
		{6EE18AB1-B84B-4B7D-8D5F-38CBC01275A3}.Debug|Any CPU.Build.0 = Debug|Any CPU
		{6EE18AB1-B84B-4B7D-8D5F-38CBC01275A3}.Release|Any CPU.ActiveCfg = Release|Any CPU
		{6EE18AB1-B84B-4B7D-8D5F-38CBC01275A3}.Release|Any CPU.Build.0 = Release|Any CPU
	EndGlobalSection
	GlobalSection(SolutionProperties) = preSolution
		HideSolutionNode = FALSE
	EndGlobalSection
	GlobalSection(ExtensibilityGlobals) = postSolution
		SolutionGuid = {9D982A74-5523-4A27-9110-519107011097}
	EndGlobalSection
EndGlobal
